
Microsoft Visual Studio Solution File, Format Version 12.00
# Visual Studio Version 16
VisualStudioVersion = 16.0.30413.136
MinimumVisualStudioVersion = 10.0.40219.1
Project("{FAE04EC0-301F-11D3-BF4B-00C04F79EFBC}") = "Zatca-Dotnet", "Zatca-Dotnet.csproj", "{7A6DC5D7-DED7-44C3-9EB7-D54E5C212043}"
EndProject
Global
	GlobalSection(SolutionConfigurationPlatforms) = preSolution
		Debug|Any CPU = Debug|Any CPU
		Release|Any CPU = Release|Any CPU
	EndGlobalSection
	GlobalSection(ProjectConfigurationPlatforms) = postSolution
		{7A6DC5D7-DED7-44C3-9EB7-D54E5C212043}.Debug|Any CPU.ActiveCfg = Debug|Any CPU
		{7A6DC5D7-DED7-44C3-9EB7-D54E5C212043}.Debug|Any CPU.Build.0 = Debug|Any CPU
		{7A6DC5D7-DED7-44C3-9EB7-D54E5C212043}.Release|Any CPU.ActiveCfg = Release|Any CPU
		{7A6DC5D7-DED7-44C3-9EB7-D54E5C212043}.Release|Any CPU.Build.0 = Release|Any CPU
	EndGlobalSection
	GlobalSection(SolutionProperties) = preSolution
		HideSolutionNode = FALSE
	EndGlobalSection
	GlobalSection(ExtensibilityGlobals) = postSolution
		SolutionGuid = {5724A7E9-67F7-4115-AE3D-E400372BB621}
	EndGlobalSection
EndGlobal
